
Microsoft Visual Studio Solution File, Format Version 12.00
# Visual Studio 15
VisualStudioVersion = 15.0.26730.3
MinimumVisualStudioVersion = 10.0.40219.1
Project("{FAE04EC0-301F-11D3-BF4B-00C04F79EFBC}") = "ImportDemo", "ImportDemo\ImportDemo.csproj", "{002AEA40-3CAF-4DEF-8DDF-2EC8C64819EF}"
EndProject
Project("{FAE04EC0-301F-11D3-BF4B-00C04F79EFBC}") = "Tools", "Tools\Tools.csproj", "{0BAC9935-B0FA-4A70-B285-C820DCE4E4FD}"
EndProject
Project("{FAE04EC0-301F-11D3-BF4B-00C04F79EFBC}") = "Models", "Models\Models.csproj", "{AB6C80DA-75C2-471F-B88B-6DE48E005F9E}"
EndProject
Project("{FAE04EC0-301F-11D3-BF4B-00C04F79EFBC}") = "Utility", "Utility\Utility.csproj", "{CA695780-FF1E-49EA-92BE-308803584F0E}"
EndProject
Project("{FAE04EC0-301F-11D3-BF4B-00C04F79EFBC}") = "FileExportHelper", "FileExportHelper\FileExportHelper.csproj", "{A916F8D8-C1D7-4EEB-99BD-7C75E77F0792}"
EndProject
Global
	GlobalSection(SolutionConfigurationPlatforms) = preSolution
		Debug|Any CPU = Debug|Any CPU
		Release|Any CPU = Release|Any CPU
	EndGlobalSection
	GlobalSection(ProjectConfigurationPlatforms) = postSolution
		{002AEA40-3CAF-4DEF-8DDF-2EC8C64819EF}.Debug|Any CPU.ActiveCfg = Debug|Any CPU
		{002AEA40-3CAF-4DEF-8DDF-2EC8C64819EF}.Debug|Any CPU.Build.0 = Debug|Any CPU
		{002AEA40-3CAF-4DEF-8DDF-2EC8C64819EF}.Release|Any CPU.ActiveCfg = Release|Any CPU
		{002AEA40-3CAF-4DEF-8DDF-2EC8C64819EF}.Release|Any CPU.Build.0 = Release|Any CPU
		{0BAC9935-B0FA-4A70-B285-C820DCE4E4FD}.Debug|Any CPU.ActiveCfg = Debug|Any CPU
		{0BAC9935-B0FA-4A70-B285-C820DCE4E4FD}.Debug|Any CPU.Build.0 = Debug|Any CPU
		{0BAC9935-B0FA-4A70-B285-C820DCE4E4FD}.Release|Any CPU.ActiveCfg = Release|Any CPU
		{0BAC9935-B0FA-4A70-B285-C820DCE4E4FD}.Release|Any CPU.Build.0 = Release|Any CPU
		{AB6C80DA-75C2-471F-B88B-6DE48E005F9E}.Debug|Any CPU.ActiveCfg = Debug|Any CPU
		{AB6C80DA-75C2-471F-B88B-6DE48E005F9E}.Debug|Any CPU.Build.0 = Debug|Any CPU
		{AB6C80DA-75C2-471F-B88B-6DE48E005F9E}.Release|Any CPU.ActiveCfg = Release|Any CPU
		{AB6C80DA-75C2-471F-B88B-6DE48E005F9E}.Release|Any CPU.Build.0 = Release|Any CPU
		{CA695780-FF1E-49EA-92BE-308803584F0E}.Debug|Any CPU.ActiveCfg = Debug|Any CPU
		{CA695780-FF1E-49EA-92BE-308803584F0E}.Debug|Any CPU.Build.0 = Debug|Any CPU
		{CA695780-FF1E-49EA-92BE-308803584F0E}.Release|Any CPU.ActiveCfg = Release|Any CPU
		{CA695780-FF1E-49EA-92BE-308803584F0E}.Release|Any CPU.Build.0 = Release|Any CPU
		{A916F8D8-C1D7-4EEB-99BD-7C75E77F0792}.Debug|Any CPU.ActiveCfg = Debug|Any CPU
		{A916F8D8-C1D7-4EEB-99BD-7C75E77F0792}.Debug|Any CPU.Build.0 = Debug|Any CPU
		{A916F8D8-C1D7-4EEB-99BD-7C75E77F0792}.Release|Any CPU.ActiveCfg = Release|Any CPU
		{A916F8D8-C1D7-4EEB-99BD-7C75E77F0792}.Release|Any CPU.Build.0 = Release|Any CPU
	EndGlobalSection
	GlobalSection(SolutionProperties) = preSolution
		HideSolutionNode = FALSE
	EndGlobalSection
	GlobalSection(ExtensibilityGlobals) = postSolution
		SolutionGuid = {65FE6D93-83C8-45F4-A80B-CBD9EAD20BC4}
	EndGlobalSection
EndGlobal
